
Microsoft Visual Studio Solution File, Format Version 11.00
# Visual C++ Express 2010
Project("{8BC9CEB8-8B4A-11D0-8D11-00A0C91BC942}") = "openglsnake", "openglsnake\openglsnake.vcxproj", "{8EAA80F6-CA9D-49FD-9C50-2F6D2092C1EB}"
EndProject
Global
	GlobalSection(SolutionConfigurationPlatforms) = preSolution
		Debug|Win32 = Debug|Win32
		Release|Win32 = Release|Win32
	EndGlobalSection
	GlobalSection(ProjectConfigurationPlatforms) = postSolution
		{8EAA80F6-CA9D-49FD-9C50-2F6D2092C1EB}.Debug|Win32.ActiveCfg = Debug|Win32
		{8EAA80F6-CA9D-49FD-9C50-2F6D2092C1EB}.Debug|Win32.Build.0 = Debug|Win32
		{8EAA80F6-CA9D-49FD-9C50-2F6D2092C1EB}.Release|Win32.ActiveCfg = Release|Win32
		{8EAA80F6-CA9D-49FD-9C50-2F6D2092C1EB}.Release|Win32.Build.0 = Release|Win32
	EndGlobalSection
	GlobalSection(SolutionProperties) = preSolution
		HideSolutionNode = FALSE
	EndGlobalSection
EndGlobal
