
Microsoft Visual Studio Solution File, Format Version 11.00
# Visual C++ Express 2010
Project("{8BC9CEB8-8B4A-11D0-8D11-00A0C91BC942}") = "openglsnake", "openglsnake\openglsnake.vcxproj", "{493538A7-35D7-43AB-8B3B-E1C652EE21AE}"
EndProject
Global
	GlobalSection(SolutionConfigurationPlatforms) = preSolution
		Debug|Win32 = Debug|Win32
		Release|Win32 = Release|Win32
	EndGlobalSection
	GlobalSection(ProjectConfigurationPlatforms) = postSolution
		{493538A7-35D7-43AB-8B3B-E1C652EE21AE}.Debug|Win32.ActiveCfg = Debug|Win32
		{493538A7-35D7-43AB-8B3B-E1C652EE21AE}.Debug|Win32.Build.0 = Debug|Win32
		{493538A7-35D7-43AB-8B3B-E1C652EE21AE}.Release|Win32.ActiveCfg = Release|Win32
		{493538A7-35D7-43AB-8B3B-E1C652EE21AE}.Release|Win32.Build.0 = Release|Win32
	EndGlobalSection
	GlobalSection(SolutionProperties) = preSolution
		HideSolutionNode = FALSE
	EndGlobalSection
EndGlobal
